// !$*UTF8*$!
{
	archiveVersion = 1;
	classes = {
	};
	objectVersion = 55;
	objects = {

/* Begin PBXBuildFile section */
		2FD3174C2899F6C200882863 /* AppDelegate.swift in Sources */ = {isa = PBXBuildFile; fileRef = 2FD3174B2899F6C200882863 /* AppDelegate.swift */; };
		2FD3174E2899F6C200882863 /* SceneDelegate.swift in Sources */ = {isa = PBXBuildFile; fileRef = 2FD3174D2899F6C200882863 /* SceneDelegate.swift */; };
		2FD317502899F6C200882863 /* ViewController.swift in Sources */ = {isa = PBXBuildFile; fileRef = 2FD3174F2899F6C200882863 /* ViewController.swift */; };
		2FD317532899F6C200882863 /* Main.storyboard in Resources */ = {isa = PBXBuildFile; fileRef = 2FD317512899F6C200882863 /* Main.storyboard */; };
		2FD317552899F6C200882863 /* Assets.xcassets in Resources */ = {isa = PBXBuildFile; fileRef = 2FD317542899F6C200882863 /* Assets.xcassets */; };
		2FD317582899F6C200882863 /* LaunchScreen.storyboard in Resources */ = {isa = PBXBuildFile; fileRef = 2FD317562899F6C200882863 /* LaunchScreen.storyboard */; };
		2FD317602899F7D300882863 /* .gitignore in Resources */ = {isa = PBXBuildFile; fileRef = 2FD3175F2899F7D300882863 /* .gitignore */; };
		2FD317622899F83E00882863 /* SearchViewController.swift in Sources */ = {isa = PBXBuildFile; fileRef = 2FD317612899F83E00882863 /* SearchViewController.swift */; };
		2FD317642899F88D00882863 /* APIKey.swift in Sources */ = {isa = PBXBuildFile; fileRef = 2FD317632899F88D00882863 /* APIKey.swift */; };
		2FD317682899FAAE00882863 /* Example.swift in Sources */ = {isa = PBXBuildFile; fileRef = 2FD317672899FAAE00882863 /* Example.swift */; };
		2FD3176B2899FACC00882863 /* Example2.swift in Sources */ = {isa = PBXBuildFile; fileRef = 2FD3176A2899FACC00882863 /* Example2.swift */; };
		2FD31770289ACF8B00882863 /* TMDB.storyboard in Resources */ = {isa = PBXBuildFile; fileRef = 2FD3176F289ACF8B00882863 /* TMDB.storyboard */; };
		2FD31776289AD97200882863 /* TMDBViewController.swift in Sources */ = {isa = PBXBuildFile; fileRef = 2FD31775289AD97200882863 /* TMDBViewController.swift */; };
		2FD31778289ADAE400882863 /* TMDBCollectionViewCell.swift in Sources */ = {isa = PBXBuildFile; fileRef = 2FD31777289ADAE400882863 /* TMDBCollectionViewCell.swift */; };
/* End PBXBuildFile section */

/* Begin PBXFileReference section */
		2FD317482899F6C200882863 /* SeSACTMDBProject.app */ = {isa = PBXFileReference; explicitFileType = wrapper.application; includeInIndex = 0; path = SeSACTMDBProject.app; sourceTree = BUILT_PRODUCTS_DIR; };
		2FD3174B2899F6C200882863 /* AppDelegate.swift */ = {isa = PBXFileReference; lastKnownFileType = sourcecode.swift; path = AppDelegate.swift; sourceTree = "<group>"; };
		2FD3174D2899F6C200882863 /* SceneDelegate.swift */ = {isa = PBXFileReference; lastKnownFileType = sourcecode.swift; path = SceneDelegate.swift; sourceTree = "<group>"; };
		2FD3174F2899F6C200882863 /* ViewController.swift */ = {isa = PBXFileReference; lastKnownFileType = sourcecode.swift; path = ViewController.swift; sourceTree = "<group>"; };
		2FD317522899F6C200882863 /* Base */ = {isa = PBXFileReference; lastKnownFileType = file.storyboard; name = Base; path = Base.lproj/Main.storyboard; sourceTree = "<group>"; };
		2FD317542899F6C200882863 /* Assets.xcassets */ = {isa = PBXFileReference; lastKnownFileType = folder.assetcatalog; path = Assets.xcassets; sourceTree = "<group>"; };
		2FD317572899F6C200882863 /* Base */ = {isa = PBXFileReference; lastKnownFileType = file.storyboard; name = Base; path = Base.lproj/LaunchScreen.storyboard; sourceTree = "<group>"; };
		2FD317592899F6C200882863 /* Info.plist */ = {isa = PBXFileReference; lastKnownFileType = text.plist.xml; path = Info.plist; sourceTree = "<group>"; };
		2FD3175F2899F7D300882863 /* .gitignore */ = {isa = PBXFileReference; lastKnownFileType = text; path = .gitignore; sourceTree = "<group>"; };
		2FD317612899F83E00882863 /* SearchViewController.swift */ = {isa = PBXFileReference; lastKnownFileType = sourcecode.swift; path = SearchViewController.swift; sourceTree = "<group>"; };
		2FD317632899F88D00882863 /* APIKey.swift */ = {isa = PBXFileReference; lastKnownFileType = sourcecode.swift; path = APIKey.swift; sourceTree = "<group>"; };
		2FD317672899FAAE00882863 /* Example.swift */ = {isa = PBXFileReference; lastKnownFileType = sourcecode.swift; path = Example.swift; sourceTree = "<group>"; };
		2FD3176A2899FACC00882863 /* Example2.swift */ = {isa = PBXFileReference; lastKnownFileType = sourcecode.swift; path = Example2.swift; sourceTree = "<group>"; };
		2FD3176F289ACF8B00882863 /* TMDB.storyboard */ = {isa = PBXFileReference; lastKnownFileType = file.storyboard; path = TMDB.storyboard; sourceTree = "<group>"; };
		2FD31775289AD97200882863 /* TMDBViewController.swift */ = {isa = PBXFileReference; lastKnownFileType = sourcecode.swift; path = TMDBViewController.swift; sourceTree = "<group>"; };
		2FD31777289ADAE400882863 /* TMDBCollectionViewCell.swift */ = {isa = PBXFileReference; lastKnownFileType = sourcecode.swift; path = TMDBCollectionViewCell.swift; sourceTree = "<group>"; };
/* End PBXFileReference section */

/* Begin PBXFrameworksBuildPhase section */
		2FD317452899F6C200882863 /* Frameworks */ = {
			isa = PBXFrameworksBuildPhase;
			buildActionMask = 2147483647;
			files = (
			);
			runOnlyForDeploymentPostprocessing = 0;
		};
/* End PBXFrameworksBuildPhase section */

/* Begin PBXGroup section */
		2FD3173F2899F6C200882863 = {
			isa = PBXGroup;
			children = (
				2FD3175F2899F7D300882863 /* .gitignore */,
				2FD3174A2899F6C200882863 /* SeSACTMDBProject */,
				2FD317492899F6C200882863 /* Products */,
			);
			sourceTree = "<group>";
		};
		2FD317492899F6C200882863 /* Products */ = {
			isa = PBXGroup;
			children = (
				2FD317482899F6C200882863 /* SeSACTMDBProject.app */,
			);
			name = Products;
			sourceTree = "<group>";
		};
		2FD3174A2899F6C200882863 /* SeSACTMDBProject */ = {
			isa = PBXGroup;
			children = (
				2FD3176E289ACF7400882863 /* TMDB */,
				2FD317662899FA9700882863 /* Key */,
				2FD317692899FABA00882863 /* Resource */,
				2FD3174B2899F6C200882863 /* AppDelegate.swift */,
				2FD3174D2899F6C200882863 /* SceneDelegate.swift */,
				2FD3174F2899F6C200882863 /* ViewController.swift */,
				2FD317512899F6C200882863 /* Main.storyboard */,
				2FD317542899F6C200882863 /* Assets.xcassets */,
				2FD317562899F6C200882863 /* LaunchScreen.storyboard */,
				2FD317592899F6C200882863 /* Info.plist */,
				2FD317612899F83E00882863 /* SearchViewController.swift */,
				2FD317632899F88D00882863 /* APIKey.swift */,
			);
			path = SeSACTMDBProject;
			sourceTree = "<group>";
		};
		2FD317662899FA9700882863 /* Key */ = {
			isa = PBXGroup;
			children = (
				2FD317672899FAAE00882863 /* Example.swift */,
			);
			path = Key;
			sourceTree = "<group>";
		};
		2FD317692899FABA00882863 /* Resource */ = {
			isa = PBXGroup;
			children = (
				2FD3176A2899FACC00882863 /* Example2.swift */,
			);
			path = Resource;
			sourceTree = "<group>";
		};
		2FD3176E289ACF7400882863 /* TMDB */ = {
			isa = PBXGroup;
			children = (
				2FD3176F289ACF8B00882863 /* TMDB.storyboard */,
				2FD31775289AD97200882863 /* TMDBViewController.swift */,
				2FD31777289ADAE400882863 /* TMDBCollectionViewCell.swift */,
			);
			path = TMDB;
			sourceTree = "<group>";
		};
/* End PBXGroup section */

/* Begin PBXNativeTarget section */
		2FD317472899F6C200882863 /* SeSACTMDBProject */ = {
			isa = PBXNativeTarget;
			buildConfigurationList = 2FD3175C2899F6C200882863 /* Build configuration list for PBXNativeTarget "SeSACTMDBProject" */;
			buildPhases = (
				2FD317442899F6C200882863 /* Sources */,
				2FD317452899F6C200882863 /* Frameworks */,
				2FD317462899F6C200882863 /* Resources */,
			);
			buildRules = (
			);
			dependencies = (
			);
			name = SeSACTMDBProject;
			productName = SeSACTMDBProject;
			productReference = 2FD317482899F6C200882863 /* SeSACTMDBProject.app */;
			productType = "com.apple.product-type.application";
		};
/* End PBXNativeTarget section */

/* Begin PBXProject section */
		2FD317402899F6C200882863 /* Project object */ = {
			isa = PBXProject;
			attributes = {
				BuildIndependentTargetsInParallel = 1;
				LastSwiftUpdateCheck = 1340;
				LastUpgradeCheck = 1340;
				TargetAttributes = {
					2FD317472899F6C200882863 = {
						CreatedOnToolsVersion = 13.4.1;
					};
				};
			};
			buildConfigurationList = 2FD317432899F6C200882863 /* Build configuration list for PBXProject "SeSACTMDBProject" */;
			compatibilityVersion = "Xcode 13.0";
			developmentRegion = en;
			hasScannedForEncodings = 0;
			knownRegions = (
				en,
				Base,
			);
			mainGroup = 2FD3173F2899F6C200882863;
			productRefGroup = 2FD317492899F6C200882863 /* Products */;
			projectDirPath = "";
			projectRoot = "";
			targets = (
				2FD317472899F6C200882863 /* SeSACTMDBProject */,
			);
		};
/* End PBXProject section */

/* Begin PBXResourcesBuildPhase section */
		2FD317462899F6C200882863 /* Resources */ = {
			isa = PBXResourcesBuildPhase;
			buildActionMask = 2147483647;
			files = (
				2FD31770289ACF8B00882863 /* TMDB.storyboard in Resources */,
				2FD317602899F7D300882863 /* .gitignore in Resources */,
				2FD317582899F6C200882863 /* LaunchScreen.storyboard in Resources */,
				2FD317552899F6C200882863 /* Assets.xcassets in Resources */,
				2FD317532899F6C200882863 /* Main.storyboard in Resources */,
			);
			runOnlyForDeploymentPostprocessing = 0;
		};
/* End PBXResourcesBuildPhase section */

/* Begin PBXSourcesBuildPhase section */
		2FD317442899F6C200882863 /* Sources */ = {
			isa = PBXSourcesBuildPhase;
			buildActionMask = 2147483647;
			files = (
				2FD317502899F6C200882863 /* ViewController.swift in Sources */,
				2FD31776289AD97200882863 /* TMDBViewController.swift in Sources */,
				2FD3174C2899F6C200882863 /* AppDelegate.swift in Sources */,
				2FD317682899FAAE00882863 /* Example.swift in Sources */,
				2FD3176B2899FACC00882863 /* Example2.swift in Sources */,
				2FD317622899F83E00882863 /* SearchViewController.swift in Sources */,
				2FD31778289ADAE400882863 /* TMDBCollectionViewCell.swift in Sources */,
				2FD3174E2899F6C200882863 /* SceneDelegate.swift in Sources */,
				2FD317642899F88D00882863 /* APIKey.swift in Sources */,
			);
			runOnlyForDeploymentPostprocessing = 0;
		};
/* End PBXSourcesBuildPhase section */

/* Begin PBXVariantGroup section */
		2FD317512899F6C200882863 /* Main.storyboard */ = {
			isa = PBXVariantGroup;
			children = (
				2FD317522899F6C200882863 /* Base */,
			);
			name = Main.storyboard;
			sourceTree = "<group>";
		};
		2FD317562899F6C200882863 /* LaunchScreen.storyboard */ = {
			isa = PBXVariantGroup;
			children = (
				2FD317572899F6C200882863 /* Base */,
			);
			name = LaunchScreen.storyboard;
			sourceTree = "<group>";
		};
/* End PBXVariantGroup section */

/* Begin XCBuildConfiguration section */
		2FD3175A2899F6C200882863 /* Debug */ = {
			isa = XCBuildConfiguration;
			buildSettings = {
				ALWAYS_SEARCH_USER_PATHS = NO;
				CLANG_ANALYZER_NONNULL = YES;
				CLANG_ANALYZER_NUMBER_OBJECT_CONVERSION = YES_AGGRESSIVE;
				CLANG_CXX_LANGUAGE_STANDARD = "gnu++17";
				CLANG_ENABLE_MODULES = YES;
				CLANG_ENABLE_OBJC_ARC = YES;
				CLANG_ENABLE_OBJC_WEAK = YES;
				CLANG_WARN_BLOCK_CAPTURE_AUTORELEASING = YES;
				CLANG_WARN_BOOL_CONVERSION = YES;
				CLANG_WARN_COMMA = YES;
				CLANG_WARN_CONSTANT_CONVERSION = YES;
				CLANG_WARN_DEPRECATED_OBJC_IMPLEMENTATIONS = YES;
				CLANG_WARN_DIRECT_OBJC_ISA_USAGE = YES_ERROR;
				CLANG_WARN_DOCUMENTATION_COMMENTS = YES;
				CLANG_WARN_EMPTY_BODY = YES;
				CLANG_WARN_ENUM_CONVERSION = YES;
				CLANG_WARN_INFINITE_RECURSION = YES;
				CLANG_WARN_INT_CONVERSION = YES;
				CLANG_WARN_NON_LITERAL_NULL_CONVERSION = YES;
				CLANG_WARN_OBJC_IMPLICIT_RETAIN_SELF = YES;
				CLANG_WARN_OBJC_LITERAL_CONVERSION = YES;
				CLANG_WARN_OBJC_ROOT_CLASS = YES_ERROR;
				CLANG_WARN_QUOTED_INCLUDE_IN_FRAMEWORK_HEADER = YES;
				CLANG_WARN_RANGE_LOOP_ANALYSIS = YES;
				CLANG_WARN_STRICT_PROTOTYPES = YES;
				CLANG_WARN_SUSPICIOUS_MOVE = YES;
				CLANG_WARN_UNGUARDED_AVAILABILITY = YES_AGGRESSIVE;
				CLANG_WARN_UNREACHABLE_CODE = YES;
				CLANG_WARN__DUPLICATE_METHOD_MATCH = YES;
				COPY_PHASE_STRIP = NO;
				DEBUG_INFORMATION_FORMAT = dwarf;
				ENABLE_STRICT_OBJC_MSGSEND = YES;
				ENABLE_TESTABILITY = YES;
				GCC_C_LANGUAGE_STANDARD = gnu11;
				GCC_DYNAMIC_NO_PIC = NO;
				GCC_NO_COMMON_BLOCKS = YES;
				GCC_OPTIMIZATION_LEVEL = 0;
				GCC_PREPROCESSOR_DEFINITIONS = (
					"DEBUG=1",
					"$(inherited)",
				);
				GCC_WARN_64_TO_32_BIT_CONVERSION = YES;
				GCC_WARN_ABOUT_RETURN_TYPE = YES_ERROR;
				GCC_WARN_UNDECLARED_SELECTOR = YES;
				GCC_WARN_UNINITIALIZED_AUTOS = YES_AGGRESSIVE;
				GCC_WARN_UNUSED_FUNCTION = YES;
				GCC_WARN_UNUSED_VARIABLE = YES;
				IPHONEOS_DEPLOYMENT_TARGET = 15.5;
				MTL_ENABLE_DEBUG_INFO = INCLUDE_SOURCE;
				MTL_FAST_MATH = YES;
				ONLY_ACTIVE_ARCH = YES;
				SDKROOT = iphoneos;
				SWIFT_ACTIVE_COMPILATION_CONDITIONS = DEBUG;
				SWIFT_OPTIMIZATION_LEVEL = "-Onone";
			};
			name = Debug;
		};
		2FD3175B2899F6C200882863 /* Release */ = {
			isa = XCBuildConfiguration;
			buildSettings = {
				ALWAYS_SEARCH_USER_PATHS = NO;
				CLANG_ANALYZER_NONNULL = YES;
				CLANG_ANALYZER_NUMBER_OBJECT_CONVERSION = YES_AGGRESSIVE;
				CLANG_CXX_LANGUAGE_STANDARD = "gnu++17";
				CLANG_ENABLE_MODULES = YES;
				CLANG_ENABLE_OBJC_ARC = YES;
				CLANG_ENABLE_OBJC_WEAK = YES;
				CLANG_WARN_BLOCK_CAPTURE_AUTORELEASING = YES;
				CLANG_WARN_BOOL_CONVERSION = YES;
				CLANG_WARN_COMMA = YES;
				CLANG_WARN_CONSTANT_CONVERSION = YES;
				CLANG_WARN_DEPRECATED_OBJC_IMPLEMENTATIONS = YES;
				CLANG_WARN_DIRECT_OBJC_ISA_USAGE = YES_ERROR;
				CLANG_WARN_DOCUMENTATION_COMMENTS = YES;
				CLANG_WARN_EMPTY_BODY = YES;
				CLANG_WARN_ENUM_CONVERSION = YES;
				CLANG_WARN_INFINITE_RECURSION = YES;
				CLANG_WARN_INT_CONVERSION = YES;
				CLANG_WARN_NON_LITERAL_NULL_CONVERSION = YES;
				CLANG_WARN_OBJC_IMPLICIT_RETAIN_SELF = YES;
				CLANG_WARN_OBJC_LITERAL_CONVERSION = YES;
				CLANG_WARN_OBJC_ROOT_CLASS = YES_ERROR;
				CLANG_WARN_QUOTED_INCLUDE_IN_FRAMEWORK_HEADER = YES;
				CLANG_WARN_RANGE_LOOP_ANALYSIS = YES;
				CLANG_WARN_STRICT_PROTOTYPES = YES;
				CLANG_WARN_SUSPICIOUS_MOVE = YES;
				CLANG_WARN_UNGUARDED_AVAILABILITY = YES_AGGRESSIVE;
				CLANG_WARN_UNREACHABLE_CODE = YES;
				CLANG_WARN__DUPLICATE_METHOD_MATCH = YES;
				COPY_PHASE_STRIP = NO;
				DEBUG_INFORMATION_FORMAT = "dwarf-with-dsym";
				ENABLE_NS_ASSERTIONS = NO;
				ENABLE_STRICT_OBJC_MSGSEND = YES;
				GCC_C_LANGUAGE_STANDARD = gnu11;
				GCC_NO_COMMON_BLOCKS = YES;
				GCC_WARN_64_TO_32_BIT_CONVERSION = YES;
				GCC_WARN_ABOUT_RETURN_TYPE = YES_ERROR;
				GCC_WARN_UNDECLARED_SELECTOR = YES;
				GCC_WARN_UNINITIALIZED_AUTOS = YES_AGGRESSIVE;
				GCC_WARN_UNUSED_FUNCTION = YES;
				GCC_WARN_UNUSED_VARIABLE = YES;
				IPHONEOS_DEPLOYMENT_TARGET = 15.5;
				MTL_ENABLE_DEBUG_INFO = NO;
				MTL_FAST_MATH = YES;
				SDKROOT = iphoneos;
				SWIFT_COMPILATION_MODE = wholemodule;
				SWIFT_OPTIMIZATION_LEVEL = "-O";
				VALIDATE_PRODUCT = YES;
			};
			name = Release;
		};
		2FD3175D2899F6C200882863 /* Debug */ = {
			isa = XCBuildConfiguration;
			buildSettings = {
				ASSETCATALOG_COMPILER_APPICON_NAME = AppIcon;
				ASSETCATALOG_COMPILER_GLOBAL_ACCENT_COLOR_NAME = AccentColor;
				CODE_SIGN_STYLE = Automatic;
				CURRENT_PROJECT_VERSION = 1;
				DEVELOPMENT_TEAM = LL4R66V6Y3;
				GENERATE_INFOPLIST_FILE = YES;
				INFOPLIST_FILE = SeSACTMDBProject/Info.plist;
				INFOPLIST_KEY_UIApplicationSupportsIndirectInputEvents = YES;
				INFOPLIST_KEY_UILaunchStoryboardName = LaunchScreen;
				INFOPLIST_KEY_UIMainStoryboardFile = Main;
				INFOPLIST_KEY_UISupportedInterfaceOrientations_iPad = "UIInterfaceOrientationPortrait UIInterfaceOrientationPortraitUpsideDown UIInterfaceOrientationLandscapeLeft UIInterfaceOrientationLandscapeRight";
				INFOPLIST_KEY_UISupportedInterfaceOrientations_iPhone = "UIInterfaceOrientationPortrait UIInterfaceOrientationLandscapeLeft UIInterfaceOrientationLandscapeRight";
				LD_RUNPATH_SEARCH_PATHS = (
					"$(inherited)",
					"@executable_path/Frameworks",
				);
				MARKETING_VERSION = 1.0;
				PRODUCT_BUNDLE_IDENTIFIER = cody.SeSACTMDBProject;
				PRODUCT_NAME = "$(TARGET_NAME)";
				SWIFT_EMIT_LOC_STRINGS = YES;
				SWIFT_VERSION = 5.0;
				TARGETED_DEVICE_FAMILY = "1,2";
			};
			name = Debug;
		};
		2FD3175E2899F6C200882863 /* Release */ = {
			isa = XCBuildConfiguration;
			buildSettings = {
				ASSETCATALOG_COMPILER_APPICON_NAME = AppIcon;
				ASSETCATALOG_COMPILER_GLOBAL_ACCENT_COLOR_NAME = AccentColor;
				CODE_SIGN_STYLE = Automatic;
				CURRENT_PROJECT_VERSION = 1;
				DEVELOPMENT_TEAM = LL4R66V6Y3;
				GENERATE_INFOPLIST_FILE = YES;
				INFOPLIST_FILE = SeSACTMDBProject/Info.plist;
				INFOPLIST_KEY_UIApplicationSupportsIndirectInputEvents = YES;
				INFOPLIST_KEY_UILaunchStoryboardName = LaunchScreen;
				INFOPLIST_KEY_UIMainStoryboardFile = Main;
				INFOPLIST_KEY_UISupportedInterfaceOrientations_iPad = "UIInterfaceOrientationPortrait UIInterfaceOrientationPortraitUpsideDown UIInterfaceOrientationLandscapeLeft UIInterfaceOrientationLandscapeRight";
				INFOPLIST_KEY_UISupportedInterfaceOrientations_iPhone = "UIInterfaceOrientationPortrait UIInterfaceOrientationLandscapeLeft UIInterfaceOrientationLandscapeRight";
				LD_RUNPATH_SEARCH_PATHS = (
					"$(inherited)",
					"@executable_path/Frameworks",
				);
				MARKETING_VERSION = 1.0;
				PRODUCT_BUNDLE_IDENTIFIER = cody.SeSACTMDBProject;
				PRODUCT_NAME = "$(TARGET_NAME)";
				SWIFT_EMIT_LOC_STRINGS = YES;
				SWIFT_VERSION = 5.0;
				TARGETED_DEVICE_FAMILY = "1,2";
			};
			name = Release;
		};
/* End XCBuildConfiguration section */

/* Begin XCConfigurationList section */
		2FD317432899F6C200882863 /* Build configuration list for PBXProject "SeSACTMDBProject" */ = {
			isa = XCConfigurationList;
			buildConfigurations = (
				2FD3175A2899F6C200882863 /* Debug */,
				2FD3175B2899F6C200882863 /* Release */,
			);
			defaultConfigurationIsVisible = 0;
			defaultConfigurationName = Release;
		};
		2FD3175C2899F6C200882863 /* Build configuration list for PBXNativeTarget "SeSACTMDBProject" */ = {
			isa = XCConfigurationList;
			buildConfigurations = (
				2FD3175D2899F6C200882863 /* Debug */,
				2FD3175E2899F6C200882863 /* Release */,
			);
			defaultConfigurationIsVisible = 0;
			defaultConfigurationName = Release;
		};
/* End XCConfigurationList section */
	};
	rootObject = 2FD317402899F6C200882863 /* Project object */;
}
