// !$*UTF8*$!
{
	archiveVersion = 1;
	classes = {
	};
	objectVersion = 55;
	objects = {

/* Begin PBXBuildFile section */
		2FAB0A4E28A380D00074D87C /* CardAPIManager.swift in Sources */ = {isa = PBXBuildFile; fileRef = 2FAB0A4D28A380D00074D87C /* CardAPIManager.swift */; };
		2FACA0B7289E75690066AF89 /* HeaderCellTableViewCell.swift in Sources */ = {isa = PBXBuildFile; fileRef = 2FACA0B5289E75690066AF89 /* HeaderCellTableViewCell.swift */; };
		2FACA0B8289E75690066AF89 /* HeaderCellTableViewCell.xib in Resources */ = {isa = PBXBuildFile; fileRef = 2FACA0B6289E75690066AF89 /* HeaderCellTableViewCell.xib */; };
		2FACA0BE28A000F30066AF89 /* Web.storyboard in Resources */ = {isa = PBXBuildFile; fileRef = 2FACA0BD28A000F30066AF89 /* Web.storyboard */; };
		2FACA0C028A0016C0066AF89 /* WebViewController.swift in Sources */ = {isa = PBXBuildFile; fileRef = 2FACA0BF28A0016C0066AF89 /* WebViewController.swift */; };
		2FACE54028A270B4005C6788 /* MainView.storyboard in Resources */ = {isa = PBXBuildFile; fileRef = 2FACE53F28A270B4005C6788 /* MainView.storyboard */; };
		2FACE54228A270DD005C6788 /* MainViewController.swift in Sources */ = {isa = PBXBuildFile; fileRef = 2FACE54128A270DD005C6788 /* MainViewController.swift */; };
		2FACE54428A273AE005C6788 /* MainTableViewCell.swift in Sources */ = {isa = PBXBuildFile; fileRef = 2FACE54328A273AE005C6788 /* MainTableViewCell.swift */; };
		2FACE54E28A27778005C6788 /* ImageCardView.xib in Resources */ = {isa = PBXBuildFile; fileRef = 2FACE54D28A27778005C6788 /* ImageCardView.xib */; };
		2FACE55228A27888005C6788 /* ImageCardView.swift in Sources */ = {isa = PBXBuildFile; fileRef = 2FACE55128A27888005C6788 /* ImageCardView.swift */; };
		2FACE55E28A2909A005C6788 /* CardCollectionViewCell.swift in Sources */ = {isa = PBXBuildFile; fileRef = 2FACE55C28A2909A005C6788 /* CardCollectionViewCell.swift */; };
		2FACE55F28A2909A005C6788 /* CardCollectionViewCell.xib in Resources */ = {isa = PBXBuildFile; fileRef = 2FACE55D28A2909A005C6788 /* CardCollectionViewCell.xib */; };
		2FAE3390289B9A7000C6E131 /* TMDB.storyboard in Resources */ = {isa = PBXBuildFile; fileRef = 2FAE338F289B9A7000C6E131 /* TMDB.storyboard */; };
		2FAE3392289B9C1600C6E131 /* TMDBViewController.swift in Sources */ = {isa = PBXBuildFile; fileRef = 2FAE3391289B9C1600C6E131 /* TMDBViewController.swift */; };
		2FAE3395289B9C3300C6E131 /* TMDBCollectionViewCell.swift in Sources */ = {isa = PBXBuildFile; fileRef = 2FAE3393289B9C3300C6E131 /* TMDBCollectionViewCell.swift */; };
		2FAE3396289B9C3300C6E131 /* TMDBCollectionViewCell.xib in Resources */ = {isa = PBXBuildFile; fileRef = 2FAE3394289B9C3300C6E131 /* TMDBCollectionViewCell.xib */; };
		2FAE339E289BA69A00C6E131 /* Kingfisher in Frameworks */ = {isa = PBXBuildFile; productRef = 2FAE339D289BA69A00C6E131 /* Kingfisher */; };
		2FAE33A1289BA6BB00C6E131 /* SwiftyJSON in Frameworks */ = {isa = PBXBuildFile; productRef = 2FAE33A0289BA6BB00C6E131 /* SwiftyJSON */; };
		2FAE33A4289BA6E100C6E131 /* Alamofire in Frameworks */ = {isa = PBXBuildFile; productRef = 2FAE33A3289BA6E100C6E131 /* Alamofire */; };
		2FAE33A7289BA70F00C6E131 /* JGProgressHUD in Frameworks */ = {isa = PBXBuildFile; productRef = 2FAE33A6289BA70F00C6E131 /* JGProgressHUD */; };
		2FAE33A9289BA77400C6E131 /* TMDBData.swift in Sources */ = {isa = PBXBuildFile; fileRef = 2FAE33A8289BA77400C6E131 /* TMDBData.swift */; };
		2FB57471289D0755008A7B55 /* Header.storyboard in Resources */ = {isa = PBXBuildFile; fileRef = 2FB57470289D0755008A7B55 /* Header.storyboard */; };
		2FB57475289D09A4008A7B55 /* HeaderViewController.swift in Sources */ = {isa = PBXBuildFile; fileRef = 2FB57474289D09A4008A7B55 /* HeaderViewController.swift */; };
		2FB57477289D30AD008A7B55 /* ImageTMDBAPIManager.swift in Sources */ = {isa = PBXBuildFile; fileRef = 2FB57476289D30AD008A7B55 /* ImageTMDBAPIManager.swift */; };
		2FB6D23A28A4E7D9003B9275 /* MapCinema.storyboard in Resources */ = {isa = PBXBuildFile; fileRef = 2FB6D23928A4E7D9003B9275 /* MapCinema.storyboard */; };
		2FB6D23C28A4E921003B9275 /* MapCinemaViewController.swift in Sources */ = {isa = PBXBuildFile; fileRef = 2FB6D23B28A4E921003B9275 /* MapCinemaViewController.swift */; };
		2FD3174C2899F6C200882863 /* AppDelegate.swift in Sources */ = {isa = PBXBuildFile; fileRef = 2FD3174B2899F6C200882863 /* AppDelegate.swift */; };
		2FD3174E2899F6C200882863 /* SceneDelegate.swift in Sources */ = {isa = PBXBuildFile; fileRef = 2FD3174D2899F6C200882863 /* SceneDelegate.swift */; };
		2FD317502899F6C200882863 /* ViewController.swift in Sources */ = {isa = PBXBuildFile; fileRef = 2FD3174F2899F6C200882863 /* ViewController.swift */; };
		2FD317532899F6C200882863 /* Main.storyboard in Resources */ = {isa = PBXBuildFile; fileRef = 2FD317512899F6C200882863 /* Main.storyboard */; };
		2FD317552899F6C200882863 /* Assets.xcassets in Resources */ = {isa = PBXBuildFile; fileRef = 2FD317542899F6C200882863 /* Assets.xcassets */; };
		2FD317582899F6C200882863 /* LaunchScreen.storyboard in Resources */ = {isa = PBXBuildFile; fileRef = 2FD317562899F6C200882863 /* LaunchScreen.storyboard */; };
		2FD317602899F7D300882863 /* .gitignore in Resources */ = {isa = PBXBuildFile; fileRef = 2FD3175F2899F7D300882863 /* .gitignore */; };
		2FD317622899F83E00882863 /* SearchViewController.swift in Sources */ = {isa = PBXBuildFile; fileRef = 2FD317612899F83E00882863 /* SearchViewController.swift */; };
		2FD317682899FAAE00882863 /* Key.swift in Sources */ = {isa = PBXBuildFile; fileRef = 2FD317672899FAAE00882863 /* Key.swift */; };
		2FD3176B2899FACC00882863 /* Example2.swift in Sources */ = {isa = PBXBuildFile; fileRef = 2FD3176A2899FACC00882863 /* Example2.swift */; };
/* End PBXBuildFile section */

/* Begin PBXFileReference section */
		2FAB0A4D28A380D00074D87C /* CardAPIManager.swift */ = {isa = PBXFileReference; lastKnownFileType = sourcecode.swift; path = CardAPIManager.swift; sourceTree = "<group>"; };
		2FACA0B5289E75690066AF89 /* HeaderCellTableViewCell.swift */ = {isa = PBXFileReference; lastKnownFileType = sourcecode.swift; path = HeaderCellTableViewCell.swift; sourceTree = "<group>"; };
		2FACA0B6289E75690066AF89 /* HeaderCellTableViewCell.xib */ = {isa = PBXFileReference; lastKnownFileType = file.xib; path = HeaderCellTableViewCell.xib; sourceTree = "<group>"; };
		2FACA0BD28A000F30066AF89 /* Web.storyboard */ = {isa = PBXFileReference; lastKnownFileType = file.storyboard; path = Web.storyboard; sourceTree = "<group>"; };
		2FACA0BF28A0016C0066AF89 /* WebViewController.swift */ = {isa = PBXFileReference; lastKnownFileType = sourcecode.swift; path = WebViewController.swift; sourceTree = "<group>"; };
		2FACE53F28A270B4005C6788 /* MainView.storyboard */ = {isa = PBXFileReference; lastKnownFileType = file.storyboard; path = MainView.storyboard; sourceTree = "<group>"; };
		2FACE54128A270DD005C6788 /* MainViewController.swift */ = {isa = PBXFileReference; lastKnownFileType = sourcecode.swift; path = MainViewController.swift; sourceTree = "<group>"; };
		2FACE54328A273AE005C6788 /* MainTableViewCell.swift */ = {isa = PBXFileReference; lastKnownFileType = sourcecode.swift; path = MainTableViewCell.swift; sourceTree = "<group>"; };
		2FACE54D28A27778005C6788 /* ImageCardView.xib */ = {isa = PBXFileReference; lastKnownFileType = file.xib; path = ImageCardView.xib; sourceTree = "<group>"; };
		2FACE55128A27888005C6788 /* ImageCardView.swift */ = {isa = PBXFileReference; lastKnownFileType = sourcecode.swift; path = ImageCardView.swift; sourceTree = "<group>"; };
		2FACE55C28A2909A005C6788 /* CardCollectionViewCell.swift */ = {isa = PBXFileReference; lastKnownFileType = sourcecode.swift; path = CardCollectionViewCell.swift; sourceTree = "<group>"; };
		2FACE55D28A2909A005C6788 /* CardCollectionViewCell.xib */ = {isa = PBXFileReference; lastKnownFileType = file.xib; path = CardCollectionViewCell.xib; sourceTree = "<group>"; };
		2FAE338F289B9A7000C6E131 /* TMDB.storyboard */ = {isa = PBXFileReference; lastKnownFileType = file.storyboard; path = TMDB.storyboard; sourceTree = "<group>"; };
		2FAE3391289B9C1600C6E131 /* TMDBViewController.swift */ = {isa = PBXFileReference; lastKnownFileType = sourcecode.swift; path = TMDBViewController.swift; sourceTree = "<group>"; };
		2FAE3393289B9C3300C6E131 /* TMDBCollectionViewCell.swift */ = {isa = PBXFileReference; lastKnownFileType = sourcecode.swift; path = TMDBCollectionViewCell.swift; sourceTree = "<group>"; };
		2FAE3394289B9C3300C6E131 /* TMDBCollectionViewCell.xib */ = {isa = PBXFileReference; lastKnownFileType = file.xib; path = TMDBCollectionViewCell.xib; sourceTree = "<group>"; };
		2FAE33A8289BA77400C6E131 /* TMDBData.swift */ = {isa = PBXFileReference; lastKnownFileType = sourcecode.swift; path = TMDBData.swift; sourceTree = "<group>"; };
		2FB57470289D0755008A7B55 /* Header.storyboard */ = {isa = PBXFileReference; lastKnownFileType = file.storyboard; path = Header.storyboard; sourceTree = "<group>"; };
		2FB57474289D09A4008A7B55 /* HeaderViewController.swift */ = {isa = PBXFileReference; lastKnownFileType = sourcecode.swift; path = HeaderViewController.swift; sourceTree = "<group>"; };
		2FB57476289D30AD008A7B55 /* ImageTMDBAPIManager.swift */ = {isa = PBXFileReference; lastKnownFileType = sourcecode.swift; path = ImageTMDBAPIManager.swift; sourceTree = "<group>"; };
		2FB6D23928A4E7D9003B9275 /* MapCinema.storyboard */ = {isa = PBXFileReference; lastKnownFileType = file.storyboard; path = MapCinema.storyboard; sourceTree = "<group>"; };
		2FB6D23B28A4E921003B9275 /* MapCinemaViewController.swift */ = {isa = PBXFileReference; lastKnownFileType = sourcecode.swift; path = MapCinemaViewController.swift; sourceTree = "<group>"; };
		2FD317482899F6C200882863 /* SeSACTMDBProject.app */ = {isa = PBXFileReference; explicitFileType = wrapper.application; includeInIndex = 0; path = SeSACTMDBProject.app; sourceTree = BUILT_PRODUCTS_DIR; };
		2FD3174B2899F6C200882863 /* AppDelegate.swift */ = {isa = PBXFileReference; lastKnownFileType = sourcecode.swift; path = AppDelegate.swift; sourceTree = "<group>"; };
		2FD3174D2899F6C200882863 /* SceneDelegate.swift */ = {isa = PBXFileReference; lastKnownFileType = sourcecode.swift; path = SceneDelegate.swift; sourceTree = "<group>"; };
		2FD3174F2899F6C200882863 /* ViewController.swift */ = {isa = PBXFileReference; lastKnownFileType = sourcecode.swift; path = ViewController.swift; sourceTree = "<group>"; };
		2FD317522899F6C200882863 /* Base */ = {isa = PBXFileReference; lastKnownFileType = file.storyboard; name = Base; path = Base.lproj/Main.storyboard; sourceTree = "<group>"; };
		2FD317542899F6C200882863 /* Assets.xcassets */ = {isa = PBXFileReference; lastKnownFileType = folder.assetcatalog; path = Assets.xcassets; sourceTree = "<group>"; };
		2FD317572899F6C200882863 /* Base */ = {isa = PBXFileReference; lastKnownFileType = file.storyboard; name = Base; path = Base.lproj/LaunchScreen.storyboard; sourceTree = "<group>"; };
		2FD317592899F6C200882863 /* Info.plist */ = {isa = PBXFileReference; lastKnownFileType = text.plist.xml; path = Info.plist; sourceTree = "<group>"; };
		2FD3175F2899F7D300882863 /* .gitignore */ = {isa = PBXFileReference; lastKnownFileType = text; path = .gitignore; sourceTree = "<group>"; };
		2FD317612899F83E00882863 /* SearchViewController.swift */ = {isa = PBXFileReference; lastKnownFileType = sourcecode.swift; path = SearchViewController.swift; sourceTree = "<group>"; };
		2FD317672899FAAE00882863 /* Key.swift */ = {isa = PBXFileReference; lastKnownFileType = sourcecode.swift; path = Key.swift; sourceTree = "<group>"; };
		2FD3176A2899FACC00882863 /* Example2.swift */ = {isa = PBXFileReference; lastKnownFileType = sourcecode.swift; path = Example2.swift; sourceTree = "<group>"; };
/* End PBXFileReference section */

/* Begin PBXFrameworksBuildPhase section */
		2FD317452899F6C200882863 /* Frameworks */ = {
			isa = PBXFrameworksBuildPhase;
			buildActionMask = 2147483647;
			files = (
				2FAE33A7289BA70F00C6E131 /* JGProgressHUD in Frameworks */,
				2FAE33A4289BA6E100C6E131 /* Alamofire in Frameworks */,
				2FAE33A1289BA6BB00C6E131 /* SwiftyJSON in Frameworks */,
				2FAE339E289BA69A00C6E131 /* Kingfisher in Frameworks */,
			);
			runOnlyForDeploymentPostprocessing = 0;
		};
/* End PBXFrameworksBuildPhase section */

/* Begin PBXGroup section */
		2FAB0A4C28A380B70074D87C /* APIManager */ = {
			isa = PBXGroup;
			children = (
				2FAB0A4D28A380D00074D87C /* CardAPIManager.swift */,
			);
			path = APIManager;
			sourceTree = "<group>";
		};
		2FACA0B2289E74DB0066AF89 /* MainTMDB */ = {
			isa = PBXGroup;
			children = (
				2FAE338F289B9A7000C6E131 /* TMDB.storyboard */,
				2FAE3393289B9C3300C6E131 /* TMDBCollectionViewCell.swift */,
				2FAE3394289B9C3300C6E131 /* TMDBCollectionViewCell.xib */,
				2FAE3391289B9C1600C6E131 /* TMDBViewController.swift */,
			);
			path = MainTMDB;
			sourceTree = "<group>";
		};
		2FACA0B9289E7E390066AF89 /* APIManager */ = {
			isa = PBXGroup;
			children = (
				2FB57476289D30AD008A7B55 /* ImageTMDBAPIManager.swift */,
			);
			path = APIManager;
			sourceTree = "<group>";
		};
		2FACA0BC28A000D00066AF89 /* Web */ = {
			isa = PBXGroup;
			children = (
				2FACA0BD28A000F30066AF89 /* Web.storyboard */,
				2FACA0BF28A0016C0066AF89 /* WebViewController.swift */,
			);
			path = Web;
			sourceTree = "<group>";
		};
		2FACE53E28A2708F005C6788 /* TableInCollection */ = {
			isa = PBXGroup;
			children = (
				2FAB0A4C28A380B70074D87C /* APIManager */,
				2FACE55B28A2907C005C6788 /* Collection */,
				2FACE55628A27AE7005C6788 /* Main */,
				2FACE55528A27AC3005C6788 /* Table */,
				2FACE55328A27AA4005C6788 /* View */,
			);
			path = TableInCollection;
			sourceTree = "<group>";
		};
		2FACE55328A27AA4005C6788 /* View */ = {
			isa = PBXGroup;
			children = (
				2FACE54D28A27778005C6788 /* ImageCardView.xib */,
				2FACE55128A27888005C6788 /* ImageCardView.swift */,
			);
			path = View;
			sourceTree = "<group>";
		};
		2FACE55528A27AC3005C6788 /* Table */ = {
			isa = PBXGroup;
			children = (
				2FACE54328A273AE005C6788 /* MainTableViewCell.swift */,
			);
			path = Table;
			sourceTree = "<group>";
		};
		2FACE55628A27AE7005C6788 /* Main */ = {
			isa = PBXGroup;
			children = (
				2FACE53F28A270B4005C6788 /* MainView.storyboard */,
				2FACE54128A270DD005C6788 /* MainViewController.swift */,
			);
			path = Main;
			sourceTree = "<group>";
		};
		2FACE55B28A2907C005C6788 /* Collection */ = {
			isa = PBXGroup;
			children = (
				2FACE55C28A2909A005C6788 /* CardCollectionViewCell.swift */,
				2FACE55D28A2909A005C6788 /* CardCollectionViewCell.xib */,
			);
			path = Collection;
			sourceTree = "<group>";
		};
		2FB5746F289D0745008A7B55 /* Header */ = {
			isa = PBXGroup;
			children = (
				2FB57470289D0755008A7B55 /* Header.storyboard */,
				2FB57474289D09A4008A7B55 /* HeaderViewController.swift */,
				2FACA0B5289E75690066AF89 /* HeaderCellTableViewCell.swift */,
				2FACA0B6289E75690066AF89 /* HeaderCellTableViewCell.xib */,
			);
			path = Header;
			sourceTree = "<group>";
		};
		2FB6D23828A4E796003B9275 /* MapCinema */ = {
			isa = PBXGroup;
			children = (
				2FB6D23928A4E7D9003B9275 /* MapCinema.storyboard */,
				2FB6D23B28A4E921003B9275 /* MapCinemaViewController.swift */,
			);
			path = MapCinema;
			sourceTree = "<group>";
		};
		2FD3173F2899F6C200882863 = {
			isa = PBXGroup;
			children = (
				2FD3175F2899F7D300882863 /* .gitignore */,
				2FD3174A2899F6C200882863 /* SeSACTMDBProject */,
				2FD317492899F6C200882863 /* Products */,
			);
			sourceTree = "<group>";
		};
		2FD317492899F6C200882863 /* Products */ = {
			isa = PBXGroup;
			children = (
				2FD317482899F6C200882863 /* SeSACTMDBProject.app */,
			);
			name = Products;
			sourceTree = "<group>";
		};
		2FD3174A2899F6C200882863 /* SeSACTMDBProject */ = {
			isa = PBXGroup;
			children = (
				2FD3176E289ACF7400882863 /* TMDB */,
				2FD317662899FA9700882863 /* Key */,
				2FD317692899FABA00882863 /* Resource */,
				2FD3174B2899F6C200882863 /* AppDelegate.swift */,
				2FD3174D2899F6C200882863 /* SceneDelegate.swift */,
				2FD3174F2899F6C200882863 /* ViewController.swift */,
				2FD317512899F6C200882863 /* Main.storyboard */,
				2FD317542899F6C200882863 /* Assets.xcassets */,
				2FD317562899F6C200882863 /* LaunchScreen.storyboard */,
				2FD317592899F6C200882863 /* Info.plist */,
				2FD317612899F83E00882863 /* SearchViewController.swift */,
			);
			path = SeSACTMDBProject;
			sourceTree = "<group>";
		};
		2FD317662899FA9700882863 /* Key */ = {
			isa = PBXGroup;
			children = (
				2FD317672899FAAE00882863 /* Key.swift */,
			);
			path = Key;
			sourceTree = "<group>";
		};
		2FD317692899FABA00882863 /* Resource */ = {
			isa = PBXGroup;
			children = (
				2FD3176A2899FACC00882863 /* Example2.swift */,
			);
			path = Resource;
			sourceTree = "<group>";
		};
		2FD3176E289ACF7400882863 /* TMDB */ = {
			isa = PBXGroup;
			children = (
				2FB6D23828A4E796003B9275 /* MapCinema */,
				2FACE53E28A2708F005C6788 /* TableInCollection */,
				2FACA0BC28A000D00066AF89 /* Web */,
				2FACA0B9289E7E390066AF89 /* APIManager */,
				2FACA0B2289E74DB0066AF89 /* MainTMDB */,
				2FB5746F289D0745008A7B55 /* Header */,
				2FAE33A8289BA77400C6E131 /* TMDBData.swift */,
			);
			path = TMDB;
			sourceTree = "<group>";
		};
/* End PBXGroup section */

/* Begin PBXNativeTarget section */
		2FD317472899F6C200882863 /* SeSACTMDBProject */ = {
			isa = PBXNativeTarget;
			buildConfigurationList = 2FD3175C2899F6C200882863 /* Build configuration list for PBXNativeTarget "SeSACTMDBProject" */;
			buildPhases = (
				2FD317442899F6C200882863 /* Sources */,
				2FD317452899F6C200882863 /* Frameworks */,
				2FD317462899F6C200882863 /* Resources */,
			);
			buildRules = (
			);
			dependencies = (
			);
			name = SeSACTMDBProject;
			packageProductDependencies = (
				2FAE339D289BA69A00C6E131 /* Kingfisher */,
				2FAE33A0289BA6BB00C6E131 /* SwiftyJSON */,
				2FAE33A3289BA6E100C6E131 /* Alamofire */,
				2FAE33A6289BA70F00C6E131 /* JGProgressHUD */,
			);
			productName = SeSACTMDBProject;
			productReference = 2FD317482899F6C200882863 /* SeSACTMDBProject.app */;
			productType = "com.apple.product-type.application";
		};
/* End PBXNativeTarget section */

/* Begin PBXProject section */
		2FD317402899F6C200882863 /* Project object */ = {
			isa = PBXProject;
			attributes = {
				BuildIndependentTargetsInParallel = 1;
				LastSwiftUpdateCheck = 1340;
				LastUpgradeCheck = 1340;
				TargetAttributes = {
					2FD317472899F6C200882863 = {
						CreatedOnToolsVersion = 13.4.1;
					};
				};
			};
			buildConfigurationList = 2FD317432899F6C200882863 /* Build configuration list for PBXProject "SeSACTMDBProject" */;
			compatibilityVersion = "Xcode 13.0";
			developmentRegion = en;
			hasScannedForEncodings = 0;
			knownRegions = (
				en,
				Base,
			);
			mainGroup = 2FD3173F2899F6C200882863;
			packageReferences = (
				2FAE339C289BA69A00C6E131 /* XCRemoteSwiftPackageReference "Kingfisher" */,
				2FAE339F289BA6BB00C6E131 /* XCRemoteSwiftPackageReference "SwiftyJSON" */,
				2FAE33A2289BA6E100C6E131 /* XCRemoteSwiftPackageReference "Alamofire" */,
				2FAE33A5289BA70F00C6E131 /* XCRemoteSwiftPackageReference "JGProgressHUD" */,
			);
			productRefGroup = 2FD317492899F6C200882863 /* Products */;
			projectDirPath = "";
			projectRoot = "";
			targets = (
				2FD317472899F6C200882863 /* SeSACTMDBProject */,
			);
		};
/* End PBXProject section */

/* Begin PBXResourcesBuildPhase section */
		2FD317462899F6C200882863 /* Resources */ = {
			isa = PBXResourcesBuildPhase;
			buildActionMask = 2147483647;
			files = (
				2FACA0B8289E75690066AF89 /* HeaderCellTableViewCell.xib in Resources */,
				2FB6D23A28A4E7D9003B9275 /* MapCinema.storyboard in Resources */,
				2FACE54028A270B4005C6788 /* MainView.storyboard in Resources */,
				2FD317602899F7D300882863 /* .gitignore in Resources */,
				2FD317582899F6C200882863 /* LaunchScreen.storyboard in Resources */,
				2FACE55F28A2909A005C6788 /* CardCollectionViewCell.xib in Resources */,
				2FD317552899F6C200882863 /* Assets.xcassets in Resources */,
				2FB57471289D0755008A7B55 /* Header.storyboard in Resources */,
				2FAE3396289B9C3300C6E131 /* TMDBCollectionViewCell.xib in Resources */,
				2FACE54E28A27778005C6788 /* ImageCardView.xib in Resources */,
				2FD317532899F6C200882863 /* Main.storyboard in Resources */,
				2FAE3390289B9A7000C6E131 /* TMDB.storyboard in Resources */,
				2FACA0BE28A000F30066AF89 /* Web.storyboard in Resources */,
			);
			runOnlyForDeploymentPostprocessing = 0;
		};
/* End PBXResourcesBuildPhase section */

/* Begin PBXSourcesBuildPhase section */
		2FD317442899F6C200882863 /* Sources */ = {
			isa = PBXSourcesBuildPhase;
			buildActionMask = 2147483647;
			files = (
				2FD317502899F6C200882863 /* ViewController.swift in Sources */,
				2FAE3392289B9C1600C6E131 /* TMDBViewController.swift in Sources */,
				2FAB0A4E28A380D00074D87C /* CardAPIManager.swift in Sources */,
				2FAE33A9289BA77400C6E131 /* TMDBData.swift in Sources */,
				2FD3174C2899F6C200882863 /* AppDelegate.swift in Sources */,
				2FACE54428A273AE005C6788 /* MainTableViewCell.swift in Sources */,
				2FD317682899FAAE00882863 /* Key.swift in Sources */,
				2FACE55228A27888005C6788 /* ImageCardView.swift in Sources */,
				2FD3176B2899FACC00882863 /* Example2.swift in Sources */,
				2FACE55E28A2909A005C6788 /* CardCollectionViewCell.swift in Sources */,
				2FD317622899F83E00882863 /* SearchViewController.swift in Sources */,
				2FB6D23C28A4E921003B9275 /* MapCinemaViewController.swift in Sources */,
				2FACE54228A270DD005C6788 /* MainViewController.swift in Sources */,
				2FB57475289D09A4008A7B55 /* HeaderViewController.swift in Sources */,
				2FACA0B7289E75690066AF89 /* HeaderCellTableViewCell.swift in Sources */,
				2FB57477289D30AD008A7B55 /* ImageTMDBAPIManager.swift in Sources */,
				2FACA0C028A0016C0066AF89 /* WebViewController.swift in Sources */,
				2FAE3395289B9C3300C6E131 /* TMDBCollectionViewCell.swift in Sources */,
				2FD3174E2899F6C200882863 /* SceneDelegate.swift in Sources */,
			);
			runOnlyForDeploymentPostprocessing = 0;
		};
/* End PBXSourcesBuildPhase section */

/* Begin PBXVariantGroup section */
		2FD317512899F6C200882863 /* Main.storyboard */ = {
			isa = PBXVariantGroup;
			children = (
				2FD317522899F6C200882863 /* Base */,
			);
			name = Main.storyboard;
			sourceTree = "<group>";
		};
		2FD317562899F6C200882863 /* LaunchScreen.storyboard */ = {
			isa = PBXVariantGroup;
			children = (
				2FD317572899F6C200882863 /* Base */,
			);
			name = LaunchScreen.storyboard;
			sourceTree = "<group>";
		};
/* End PBXVariantGroup section */

/* Begin XCBuildConfiguration section */
		2FD3175A2899F6C200882863 /* Debug */ = {
			isa = XCBuildConfiguration;
			buildSettings = {
				ALWAYS_SEARCH_USER_PATHS = NO;
				CLANG_ANALYZER_NONNULL = YES;
				CLANG_ANALYZER_NUMBER_OBJECT_CONVERSION = YES_AGGRESSIVE;
				CLANG_CXX_LANGUAGE_STANDARD = "gnu++17";
				CLANG_ENABLE_MODULES = YES;
				CLANG_ENABLE_OBJC_ARC = YES;
				CLANG_ENABLE_OBJC_WEAK = YES;
				CLANG_WARN_BLOCK_CAPTURE_AUTORELEASING = YES;
				CLANG_WARN_BOOL_CONVERSION = YES;
				CLANG_WARN_COMMA = YES;
				CLANG_WARN_CONSTANT_CONVERSION = YES;
				CLANG_WARN_DEPRECATED_OBJC_IMPLEMENTATIONS = YES;
				CLANG_WARN_DIRECT_OBJC_ISA_USAGE = YES_ERROR;
				CLANG_WARN_DOCUMENTATION_COMMENTS = YES;
				CLANG_WARN_EMPTY_BODY = YES;
				CLANG_WARN_ENUM_CONVERSION = YES;
				CLANG_WARN_INFINITE_RECURSION = YES;
				CLANG_WARN_INT_CONVERSION = YES;
				CLANG_WARN_NON_LITERAL_NULL_CONVERSION = YES;
				CLANG_WARN_OBJC_IMPLICIT_RETAIN_SELF = YES;
				CLANG_WARN_OBJC_LITERAL_CONVERSION = YES;
				CLANG_WARN_OBJC_ROOT_CLASS = YES_ERROR;
				CLANG_WARN_QUOTED_INCLUDE_IN_FRAMEWORK_HEADER = YES;
				CLANG_WARN_RANGE_LOOP_ANALYSIS = YES;
				CLANG_WARN_STRICT_PROTOTYPES = YES;
				CLANG_WARN_SUSPICIOUS_MOVE = YES;
				CLANG_WARN_UNGUARDED_AVAILABILITY = YES_AGGRESSIVE;
				CLANG_WARN_UNREACHABLE_CODE = YES;
				CLANG_WARN__DUPLICATE_METHOD_MATCH = YES;
				COPY_PHASE_STRIP = NO;
				DEBUG_INFORMATION_FORMAT = dwarf;
				ENABLE_STRICT_OBJC_MSGSEND = YES;
				ENABLE_TESTABILITY = YES;
				GCC_C_LANGUAGE_STANDARD = gnu11;
				GCC_DYNAMIC_NO_PIC = NO;
				GCC_NO_COMMON_BLOCKS = YES;
				GCC_OPTIMIZATION_LEVEL = 0;
				GCC_PREPROCESSOR_DEFINITIONS = (
					"DEBUG=1",
					"$(inherited)",
				);
				GCC_WARN_64_TO_32_BIT_CONVERSION = YES;
				GCC_WARN_ABOUT_RETURN_TYPE = YES_ERROR;
				GCC_WARN_UNDECLARED_SELECTOR = YES;
				GCC_WARN_UNINITIALIZED_AUTOS = YES_AGGRESSIVE;
				GCC_WARN_UNUSED_FUNCTION = YES;
				GCC_WARN_UNUSED_VARIABLE = YES;
				IPHONEOS_DEPLOYMENT_TARGET = 15.5;
				MTL_ENABLE_DEBUG_INFO = INCLUDE_SOURCE;
				MTL_FAST_MATH = YES;
				ONLY_ACTIVE_ARCH = YES;
				SDKROOT = iphoneos;
				SWIFT_ACTIVE_COMPILATION_CONDITIONS = DEBUG;
				SWIFT_OPTIMIZATION_LEVEL = "-Onone";
			};
			name = Debug;
		};
		2FD3175B2899F6C200882863 /* Release */ = {
			isa = XCBuildConfiguration;
			buildSettings = {
				ALWAYS_SEARCH_USER_PATHS = NO;
				CLANG_ANALYZER_NONNULL = YES;
				CLANG_ANALYZER_NUMBER_OBJECT_CONVERSION = YES_AGGRESSIVE;
				CLANG_CXX_LANGUAGE_STANDARD = "gnu++17";
				CLANG_ENABLE_MODULES = YES;
				CLANG_ENABLE_OBJC_ARC = YES;
				CLANG_ENABLE_OBJC_WEAK = YES;
				CLANG_WARN_BLOCK_CAPTURE_AUTORELEASING = YES;
				CLANG_WARN_BOOL_CONVERSION = YES;
				CLANG_WARN_COMMA = YES;
				CLANG_WARN_CONSTANT_CONVERSION = YES;
				CLANG_WARN_DEPRECATED_OBJC_IMPLEMENTATIONS = YES;
				CLANG_WARN_DIRECT_OBJC_ISA_USAGE = YES_ERROR;
				CLANG_WARN_DOCUMENTATION_COMMENTS = YES;
				CLANG_WARN_EMPTY_BODY = YES;
				CLANG_WARN_ENUM_CONVERSION = YES;
				CLANG_WARN_INFINITE_RECURSION = YES;
				CLANG_WARN_INT_CONVERSION = YES;
				CLANG_WARN_NON_LITERAL_NULL_CONVERSION = YES;
				CLANG_WARN_OBJC_IMPLICIT_RETAIN_SELF = YES;
				CLANG_WARN_OBJC_LITERAL_CONVERSION = YES;
				CLANG_WARN_OBJC_ROOT_CLASS = YES_ERROR;
				CLANG_WARN_QUOTED_INCLUDE_IN_FRAMEWORK_HEADER = YES;
				CLANG_WARN_RANGE_LOOP_ANALYSIS = YES;
				CLANG_WARN_STRICT_PROTOTYPES = YES;
				CLANG_WARN_SUSPICIOUS_MOVE = YES;
				CLANG_WARN_UNGUARDED_AVAILABILITY = YES_AGGRESSIVE;
				CLANG_WARN_UNREACHABLE_CODE = YES;
				CLANG_WARN__DUPLICATE_METHOD_MATCH = YES;
				COPY_PHASE_STRIP = NO;
				DEBUG_INFORMATION_FORMAT = "dwarf-with-dsym";
				ENABLE_NS_ASSERTIONS = NO;
				ENABLE_STRICT_OBJC_MSGSEND = YES;
				GCC_C_LANGUAGE_STANDARD = gnu11;
				GCC_NO_COMMON_BLOCKS = YES;
				GCC_WARN_64_TO_32_BIT_CONVERSION = YES;
				GCC_WARN_ABOUT_RETURN_TYPE = YES_ERROR;
				GCC_WARN_UNDECLARED_SELECTOR = YES;
				GCC_WARN_UNINITIALIZED_AUTOS = YES_AGGRESSIVE;
				GCC_WARN_UNUSED_FUNCTION = YES;
				GCC_WARN_UNUSED_VARIABLE = YES;
				IPHONEOS_DEPLOYMENT_TARGET = 15.5;
				MTL_ENABLE_DEBUG_INFO = NO;
				MTL_FAST_MATH = YES;
				SDKROOT = iphoneos;
				SWIFT_COMPILATION_MODE = wholemodule;
				SWIFT_OPTIMIZATION_LEVEL = "-O";
				VALIDATE_PRODUCT = YES;
			};
			name = Release;
		};
		2FD3175D2899F6C200882863 /* Debug */ = {
			isa = XCBuildConfiguration;
			buildSettings = {
				ASSETCATALOG_COMPILER_APPICON_NAME = AppIcon;
				ASSETCATALOG_COMPILER_GLOBAL_ACCENT_COLOR_NAME = AccentColor;
				CODE_SIGN_STYLE = Automatic;
				CURRENT_PROJECT_VERSION = 1;
				DEVELOPMENT_TEAM = LL4R66V6Y3;
				GENERATE_INFOPLIST_FILE = YES;
				INFOPLIST_FILE = SeSACTMDBProject/Info.plist;
				INFOPLIST_KEY_UIApplicationSupportsIndirectInputEvents = YES;
				INFOPLIST_KEY_UILaunchStoryboardName = LaunchScreen;
				INFOPLIST_KEY_UIMainStoryboardFile = Main;
				INFOPLIST_KEY_UISupportedInterfaceOrientations_iPad = "UIInterfaceOrientationPortrait UIInterfaceOrientationPortraitUpsideDown UIInterfaceOrientationLandscapeLeft UIInterfaceOrientationLandscapeRight";
				INFOPLIST_KEY_UISupportedInterfaceOrientations_iPhone = "UIInterfaceOrientationPortrait UIInterfaceOrientationLandscapeLeft UIInterfaceOrientationLandscapeRight";
				LD_RUNPATH_SEARCH_PATHS = (
					"$(inherited)",
					"@executable_path/Frameworks",
				);
				MARKETING_VERSION = 1.0;
				PRODUCT_BUNDLE_IDENTIFIER = cody.SeSACTMDBProject;
				PRODUCT_NAME = "$(TARGET_NAME)";
				SWIFT_EMIT_LOC_STRINGS = YES;
				SWIFT_VERSION = 5.0;
				TARGETED_DEVICE_FAMILY = "1,2";
			};
			name = Debug;
		};
		2FD3175E2899F6C200882863 /* Release */ = {
			isa = XCBuildConfiguration;
			buildSettings = {
				ASSETCATALOG_COMPILER_APPICON_NAME = AppIcon;
				ASSETCATALOG_COMPILER_GLOBAL_ACCENT_COLOR_NAME = AccentColor;
				CODE_SIGN_STYLE = Automatic;
				CURRENT_PROJECT_VERSION = 1;
				DEVELOPMENT_TEAM = LL4R66V6Y3;
				GENERATE_INFOPLIST_FILE = YES;
				INFOPLIST_FILE = SeSACTMDBProject/Info.plist;
				INFOPLIST_KEY_UIApplicationSupportsIndirectInputEvents = YES;
				INFOPLIST_KEY_UILaunchStoryboardName = LaunchScreen;
				INFOPLIST_KEY_UIMainStoryboardFile = Main;
				INFOPLIST_KEY_UISupportedInterfaceOrientations_iPad = "UIInterfaceOrientationPortrait UIInterfaceOrientationPortraitUpsideDown UIInterfaceOrientationLandscapeLeft UIInterfaceOrientationLandscapeRight";
				INFOPLIST_KEY_UISupportedInterfaceOrientations_iPhone = "UIInterfaceOrientationPortrait UIInterfaceOrientationLandscapeLeft UIInterfaceOrientationLandscapeRight";
				LD_RUNPATH_SEARCH_PATHS = (
					"$(inherited)",
					"@executable_path/Frameworks",
				);
				MARKETING_VERSION = 1.0;
				PRODUCT_BUNDLE_IDENTIFIER = cody.SeSACTMDBProject;
				PRODUCT_NAME = "$(TARGET_NAME)";
				SWIFT_EMIT_LOC_STRINGS = YES;
				SWIFT_VERSION = 5.0;
				TARGETED_DEVICE_FAMILY = "1,2";
			};
			name = Release;
		};
/* End XCBuildConfiguration section */

/* Begin XCConfigurationList section */
		2FD317432899F6C200882863 /* Build configuration list for PBXProject "SeSACTMDBProject" */ = {
			isa = XCConfigurationList;
			buildConfigurations = (
				2FD3175A2899F6C200882863 /* Debug */,
				2FD3175B2899F6C200882863 /* Release */,
			);
			defaultConfigurationIsVisible = 0;
			defaultConfigurationName = Release;
		};
		2FD3175C2899F6C200882863 /* Build configuration list for PBXNativeTarget "SeSACTMDBProject" */ = {
			isa = XCConfigurationList;
			buildConfigurations = (
				2FD3175D2899F6C200882863 /* Debug */,
				2FD3175E2899F6C200882863 /* Release */,
			);
			defaultConfigurationIsVisible = 0;
			defaultConfigurationName = Release;
		};
/* End XCConfigurationList section */

/* Begin XCRemoteSwiftPackageReference section */
		2FAE339C289BA69A00C6E131 /* XCRemoteSwiftPackageReference "Kingfisher" */ = {
			isa = XCRemoteSwiftPackageReference;
			repositoryURL = "https://github.com/onevcat/Kingfisher.git";
			requirement = {
				kind = upToNextMajorVersion;
				minimumVersion = 7.0.0;
			};
		};
		2FAE339F289BA6BB00C6E131 /* XCRemoteSwiftPackageReference "SwiftyJSON" */ = {
			isa = XCRemoteSwiftPackageReference;
			repositoryURL = "https://github.com/SwiftyJSON/SwiftyJSON.git";
			requirement = {
				kind = upToNextMajorVersion;
				minimumVersion = 5.0.0;
			};
		};
		2FAE33A2289BA6E100C6E131 /* XCRemoteSwiftPackageReference "Alamofire" */ = {
			isa = XCRemoteSwiftPackageReference;
			repositoryURL = "https://github.com/Alamofire/Alamofire.git";
			requirement = {
				kind = upToNextMajorVersion;
				minimumVersion = 5.0.0;
			};
		};
		2FAE33A5289BA70F00C6E131 /* XCRemoteSwiftPackageReference "JGProgressHUD" */ = {
			isa = XCRemoteSwiftPackageReference;
			repositoryURL = "https://github.com/JonasGessner/JGProgressHUD.git";
			requirement = {
				kind = upToNextMajorVersion;
				minimumVersion = 2.0.0;
			};
		};
/* End XCRemoteSwiftPackageReference section */

/* Begin XCSwiftPackageProductDependency section */
		2FAE339D289BA69A00C6E131 /* Kingfisher */ = {
			isa = XCSwiftPackageProductDependency;
			package = 2FAE339C289BA69A00C6E131 /* XCRemoteSwiftPackageReference "Kingfisher" */;
			productName = Kingfisher;
		};
		2FAE33A0289BA6BB00C6E131 /* SwiftyJSON */ = {
			isa = XCSwiftPackageProductDependency;
			package = 2FAE339F289BA6BB00C6E131 /* XCRemoteSwiftPackageReference "SwiftyJSON" */;
			productName = SwiftyJSON;
		};
		2FAE33A3289BA6E100C6E131 /* Alamofire */ = {
			isa = XCSwiftPackageProductDependency;
			package = 2FAE33A2289BA6E100C6E131 /* XCRemoteSwiftPackageReference "Alamofire" */;
			productName = Alamofire;
		};
		2FAE33A6289BA70F00C6E131 /* JGProgressHUD */ = {
			isa = XCSwiftPackageProductDependency;
			package = 2FAE33A5289BA70F00C6E131 /* XCRemoteSwiftPackageReference "JGProgressHUD" */;
			productName = JGProgressHUD;
		};
/* End XCSwiftPackageProductDependency section */
	};
	rootObject = 2FD317402899F6C200882863 /* Project object */;
}
